
Microsoft Visual Studio Solution File, Format Version 12.00
# Visual Studio Version 17
VisualStudioVersion = 17.2.32630.192
MinimumVisualStudioVersion = 10.0.40219.1
Project("{8BC9CEB8-8B4A-11D0-8D11-00A0C91BC942}") = "SHOGI-GOGO", "SHOGI-GOGO\SHOGI-GOGO.vcxproj", "{F30A827D-59BD-4127-B460-B25A0AD027E6}"
EndProject
Project("{8BC9CEB8-8B4A-11D0-8D11-00A0C91BC942}") = "SharedIrrlicht", "..\SharedIrrlicht\SharedIrrlicht\SharedIrrlicht.vcxitems", "{B6EC850A-29A5-4C89-AD06-46C8623843F1}"
EndProject
Global
	GlobalSection(SolutionConfigurationPlatforms) = preSolution
		Debug|x64 = Debug|x64
		Debug|x86 = Debug|x86
		Release|x64 = Release|x64
		Release|x86 = Release|x86
	EndGlobalSection
	GlobalSection(ProjectConfigurationPlatforms) = postSolution
		{F30A827D-59BD-4127-B460-B25A0AD027E6}.Debug|x64.ActiveCfg = Debug|x64
		{F30A827D-59BD-4127-B460-B25A0AD027E6}.Debug|x64.Build.0 = Debug|x64
		{F30A827D-59BD-4127-B460-B25A0AD027E6}.Debug|x86.ActiveCfg = Debug|Win32
		{F30A827D-59BD-4127-B460-B25A0AD027E6}.Debug|x86.Build.0 = Debug|Win32
		{F30A827D-59BD-4127-B460-B25A0AD027E6}.Release|x64.ActiveCfg = Release|x64
		{F30A827D-59BD-4127-B460-B25A0AD027E6}.Release|x64.Build.0 = Release|x64
		{F30A827D-59BD-4127-B460-B25A0AD027E6}.Release|x86.ActiveCfg = Release|Win32
		{F30A827D-59BD-4127-B460-B25A0AD027E6}.Release|x86.Build.0 = Release|Win32
	EndGlobalSection
	GlobalSection(SolutionProperties) = preSolution
		HideSolutionNode = FALSE
	EndGlobalSection
	GlobalSection(ExtensibilityGlobals) = postSolution
		SolutionGuid = {01234474-37CE-4988-943B-EC726C9D6F5D}
	EndGlobalSection
	GlobalSection(SharedMSBuildProjectFiles) = preSolution
		..\SharedIrrlicht\SharedIrrlicht\SharedIrrlicht.vcxitems*{b6ec850a-29a5-4c89-ad06-46c8623843f1}*SharedItemsImports = 9
		..\SharedIrrlicht\SharedIrrlicht\SharedIrrlicht.vcxitems*{f30a827d-59bd-4127-b460-b25a0ad027e6}*SharedItemsImports = 4
	EndGlobalSection
EndGlobal
